{
  "name": "@hibittrade68/tea-xyz-quest",
  "version": "1.0.0",
  "lockfileVersion": 3,
  "requires": true,
  "packages": {
    "": {
      "name": "@hibittrade68/tea-xyz-quest",
      "version": "1.0.0",
      "license": "ISC",
      "dependencies": {
        "@hibittrade68/tea-xyz-quest": "^1.0.0"
      }
    },
    "node_modules/@hibittrade68/tea-xyz-quest": {
      "version": "1.0.0",
      "resolved": "https://registry.npmjs.org/@hibittrade68/tea-xyz-quest/-/tea-xyz-quest-1.0.0.tgz",
      "integrity": "sha512-lFqhsYKAgBr5WW2ZClvWu3qXHQ+p67tGso3C9SGmgO8o3L3cRW8OXBEB2m6b+9NzWU2eyH1dTCdHg0pPLP806w=="
    }
  }
}
